{
    "name": "stock-alert-bot",
    "version": "1.0.0",
    "lockfileVersion": 1,
    "requires": true,
    "dependencies": {
        "axios": {
            "version": "0.21.1",
            "resolved": "https://registry.npmjs.org/axios/-/axios-0.21.1.tgz",
            "integrity": "sha512-dKQiRHxGD9PPRIUNIWvZhPTPpl1rf/OxTYKsqKUDjBwYylTvV7SjSHJb9ratfyzM6wCdLCOYLzs73qpg5c4iGA==",
            "requires": {
                "follow-redirects": "^1.10.0"
            }
        },
        "beepbeep": {
            "version": "1.3.0",
            "resolved": "https://registry.npmjs.org/beepbeep/-/beepbeep-1.3.0.tgz",
            "integrity": "sha512-11LndKDm4yoWDfAAfamuT4OZSeNyDOE7xDWrvSjK369bEdZHDECAESyrqnXB5qbgODEASJX9GUz1ZdGfIJFpUQ=="
        },
        "dom-parser": {
            "version": "0.1.6",
            "resolved": "https://registry.npmjs.org/dom-parser/-/dom-parser-0.1.6.tgz",
            "integrity": "sha512-3nVRKbLEwmGfghLoeT1dxlK/0votalnOfasP+8VCHYDfDuCETY4LeMblfOeqww6XZk2ymZ1Uewy/hVad6Dy3yw=="
        },
        "dotenv": {
            "version": "8.2.0",
            "resolved": "https://registry.npmjs.org/dotenv/-/dotenv-8.2.0.tgz",
            "integrity": "sha512-8sJ78ElpbDJBHNeBzUbUVLsqKdccaa/BXF1uPTw3GrvQTBgrQrtObr2mUrE38vzYd8cEv+m/JBfDLioYcfXoaw=="
        },
        "follow-redirects": {
            "version": "1.13.1",
            "resolved": "https://registry.npmjs.org/follow-redirects/-/follow-redirects-1.13.1.tgz",
            "integrity": "sha512-SSG5xmZh1mkPGyKzjZP8zLjltIfpW32Y5QpdNJyjcfGxK3qo3NDDkZOZSFiGn1A6SclQxY9GzEwAHQ3dmYRWpg=="
        },
        "is-docker": {
            "version": "2.1.1",
            "resolved": "https://registry.npmjs.org/is-docker/-/is-docker-2.1.1.tgz",
            "integrity": "sha512-ZOoqiXfEwtGknTiuDEy8pN2CfE3TxMHprvNer1mXiqwkOT77Rw3YVrUQ52EqAOU3QAWDQ+bQdx7HJzrv7LS2Hw=="
        },
        "is-wsl": {
            "version": "2.2.0",
            "resolved": "https://registry.npmjs.org/is-wsl/-/is-wsl-2.2.0.tgz",
            "integrity": "sha512-fKzAra0rGJUUBwGBgNkHZuToZcn+TtXHpeCgmkMJMMYx1sQDYaCSyjJBSCa2nH1DGm7s3n1oBnohoVTBaN7Lww==",
            "requires": {
                "is-docker": "^2.0.0"
            }
        },
        "moment": {
            "version": "2.29.1",
            "resolved": "https://registry.npmjs.org/moment/-/moment-2.29.1.tgz",
            "integrity": "sha512-kHmoybcPV8Sqy59DwNDY3Jefr64lK/by/da0ViFcuA4DH0vQg5Q6Ze5VimxkfQNSC+Mls/Kx53s7TjP1RhFEDQ=="
        },
        "nodemailer": {
            "version": "6.4.17",
            "resolved": "https://registry.npmjs.org/nodemailer/-/nodemailer-6.4.17.tgz",
            "integrity": "sha512-89ps+SBGpo0D4Bi5ZrxcrCiRFaMmkCt+gItMXQGzEtZVR3uAD3QAQIDoxTWnx3ky0Dwwy/dhFrQ+6NNGXpw/qQ=="
        },
        "open": {
            "version": "7.3.1",
            "resolved": "https://registry.npmjs.org/open/-/open-7.3.1.tgz",
            "integrity": "sha512-f2wt9DCBKKjlFbjzGb8MOAW8LH8F0mrs1zc7KTjAJ9PZNQbfenzWbNP1VZJvw6ICMG9r14Ah6yfwPn7T7i646A==",
            "requires": {
                "is-docker": "^2.0.0",
                "is-wsl": "^2.1.1"
            }
        }
    }
}
