{
    "requires": true,
    "lockfileVersion": 1,
    "dependencies": {
        "axios": {
            "version": "0.21.0",
            "resolved": "https://registry.npmjs.org/axios/-/axios-0.21.0.tgz",
            "integrity": "sha512-fmkJBknJKoZwem3/IKSSLpkdNXZeBu5Q7GA/aRsr2btgrptmSCxi2oFjZHqGdK9DoTil9PIHlPIZw2EcRJXRvw==",
            "requires": {
                "follow-redirects": "^1.10.0"
            }
        },
        "beepbeep": {
            "version": "1.3.0",
            "resolved": "https://registry.npmjs.org/beepbeep/-/beepbeep-1.3.0.tgz",
            "integrity": "sha512-11LndKDm4yoWDfAAfamuT4OZSeNyDOE7xDWrvSjK369bEdZHDECAESyrqnXB5qbgODEASJX9GUz1ZdGfIJFpUQ=="
        },
        "dom-parser": {
            "version": "0.1.6",
            "resolved": "https://registry.npmjs.org/dom-parser/-/dom-parser-0.1.6.tgz",
            "integrity": "sha512-3nVRKbLEwmGfghLoeT1dxlK/0votalnOfasP+8VCHYDfDuCETY4LeMblfOeqww6XZk2ymZ1Uewy/hVad6Dy3yw=="
        },
        "follow-redirects": {
            "version": "1.13.0",
            "resolved": "https://registry.npmjs.org/follow-redirects/-/follow-redirects-1.13.0.tgz",
            "integrity": "sha512-aq6gF1BEKje4a9i9+5jimNFIpq4Q1WiwBToeRK5NvZBd/TRsmW8BsJfOEGkr76TbOyPVD3OVDN910EcUNtRYEA=="
        },
        "moment": {
            "version": "2.29.1",
            "resolved": "https://registry.npmjs.org/moment/-/moment-2.29.1.tgz",
            "integrity": "sha512-kHmoybcPV8Sqy59DwNDY3Jefr64lK/by/da0ViFcuA4DH0vQg5Q6Ze5VimxkfQNSC+Mls/Kx53s7TjP1RhFEDQ=="
        }
    }
}
